
Microsoft Visual Studio Solution File, Format Version 12.00
# Visual Studio 2013
VisualStudioVersion = 12.0.21005.1
MinimumVisualStudioVersion = 10.0.40219.1
Project("{FAE04EC0-301F-11D3-BF4B-00C04F79EFBC}") = "Trx2HtmlConsole", "TrxerConsole\Trx2HtmlConsole.csproj", "{48849461-6971-4B2B-8FC6-FBDD3E8ADBFA}"
EndProject
Project("{FAE04EC0-301F-11D3-BF4B-00C04F79EFBC}") = "LoggingAndSharedGenericMethods", "..\..\GenericMethods\VSTS\Csharp\Logging\LoggingAndSharedGenericMethods.csproj", "{A8E4AA4D-F008-4882-BFCF-C9CEA14DE871}"
EndProject
Global
	GlobalSection(TeamFoundationVersionControl) = preSolution
		SccNumberOfProjects = 3
		SccEnterpriseProvider = {4CA58AB2-18FA-4F8D-95D4-32DDF27D184C}
		SccTeamFoundationServer = https://kanchansharmaqa.visualstudio.com/
		SccProjectUniqueName0 = ..\\..\\GenericMethods\\VSTS\\Csharp\\Logging\\LoggingAndSharedGenericMethods.csproj
		SccProjectName0 = ../../GenericMethods/VSTS/Csharp/Logging
		SccLocalPath0 = ..\\..\\GenericMethods\\VSTS\\Csharp\\Logging
		SccLocalPath1 = .
		SccProjectUniqueName2 = TrxerConsole\\Trx2HtmlConsole.csproj
		SccProjectName2 = TrxerConsole
		SccLocalPath2 = TrxerConsole
	EndGlobalSection
	GlobalSection(SolutionConfigurationPlatforms) = preSolution
		Debug|Any CPU = Debug|Any CPU
		Release|Any CPU = Release|Any CPU
	EndGlobalSection
	GlobalSection(ProjectConfigurationPlatforms) = postSolution
		{48849461-6971-4B2B-8FC6-FBDD3E8ADBFA}.Debug|Any CPU.ActiveCfg = Debug|Any CPU
		{48849461-6971-4B2B-8FC6-FBDD3E8ADBFA}.Debug|Any CPU.Build.0 = Debug|Any CPU
		{48849461-6971-4B2B-8FC6-FBDD3E8ADBFA}.Release|Any CPU.ActiveCfg = Release|Any CPU
		{48849461-6971-4B2B-8FC6-FBDD3E8ADBFA}.Release|Any CPU.Build.0 = Release|Any CPU
		{A8E4AA4D-F008-4882-BFCF-C9CEA14DE871}.Debug|Any CPU.ActiveCfg = Debug|Any CPU
		{A8E4AA4D-F008-4882-BFCF-C9CEA14DE871}.Debug|Any CPU.Build.0 = Debug|Any CPU
		{A8E4AA4D-F008-4882-BFCF-C9CEA14DE871}.Release|Any CPU.ActiveCfg = Release|Any CPU
		{A8E4AA4D-F008-4882-BFCF-C9CEA14DE871}.Release|Any CPU.Build.0 = Release|Any CPU
	EndGlobalSection
	GlobalSection(SolutionProperties) = preSolution
		HideSolutionNode = FALSE
	EndGlobalSection
EndGlobal
